
Microsoft Visual Studio Solution File, Format Version 12.00
# Visual Studio 15
VisualStudioVersion = 15.0.26124.0
MinimumVisualStudioVersion = 15.0.26124.0
Project("{FAE04EC0-301F-11D3-BF4B-00C04F79EFBC}") = "DungeonSample", "DungeonSample\DungeonSample.csproj", "{75AC13D5-3930-421C-AF98-A6849D96C2C4}"
EndProject
Project("{FAE04EC0-301F-11D3-BF4B-00C04F79EFBC}") = "Core", "Core\Core.csproj", "{1F3CDCF9-D6EA-42D7-A0B3-C4AD2885BDB2}"
EndProject
Global
	GlobalSection(SolutionConfigurationPlatforms) = preSolution
		Debug|Any CPU = Debug|Any CPU
		Debug|x64 = Debug|x64
		Debug|x86 = Debug|x86
		Release|Any CPU = Release|Any CPU
		Release|x64 = Release|x64
		Release|x86 = Release|x86
	EndGlobalSection
	GlobalSection(SolutionProperties) = preSolution
		HideSolutionNode = FALSE
	EndGlobalSection
	GlobalSection(ProjectConfigurationPlatforms) = postSolution
		{A72D39B4-6B4B-4514-BE0D-B4D387341C12}.Debug|Any CPU.ActiveCfg = Debug|Any CPU
		{A72D39B4-6B4B-4514-BE0D-B4D387341C12}.Debug|Any CPU.Build.0 = Debug|Any CPU
		{A72D39B4-6B4B-4514-BE0D-B4D387341C12}.Debug|x64.ActiveCfg = Debug|Any CPU
		{A72D39B4-6B4B-4514-BE0D-B4D387341C12}.Debug|x64.Build.0 = Debug|Any CPU
		{A72D39B4-6B4B-4514-BE0D-B4D387341C12}.Debug|x86.ActiveCfg = Debug|Any CPU
		{A72D39B4-6B4B-4514-BE0D-B4D387341C12}.Debug|x86.Build.0 = Debug|Any CPU
		{A72D39B4-6B4B-4514-BE0D-B4D387341C12}.Release|Any CPU.ActiveCfg = Release|Any CPU
		{A72D39B4-6B4B-4514-BE0D-B4D387341C12}.Release|Any CPU.Build.0 = Release|Any CPU
		{A72D39B4-6B4B-4514-BE0D-B4D387341C12}.Release|x64.ActiveCfg = Release|Any CPU
		{A72D39B4-6B4B-4514-BE0D-B4D387341C12}.Release|x64.Build.0 = Release|Any CPU
		{A72D39B4-6B4B-4514-BE0D-B4D387341C12}.Release|x86.ActiveCfg = Release|Any CPU
		{A72D39B4-6B4B-4514-BE0D-B4D387341C12}.Release|x86.Build.0 = Release|Any CPU
		{75AC13D5-3930-421C-AF98-A6849D96C2C4}.Debug|Any CPU.ActiveCfg = Debug|Any CPU
		{75AC13D5-3930-421C-AF98-A6849D96C2C4}.Debug|Any CPU.Build.0 = Debug|Any CPU
		{75AC13D5-3930-421C-AF98-A6849D96C2C4}.Debug|x64.ActiveCfg = Debug|Any CPU
		{75AC13D5-3930-421C-AF98-A6849D96C2C4}.Debug|x64.Build.0 = Debug|Any CPU
		{75AC13D5-3930-421C-AF98-A6849D96C2C4}.Debug|x86.ActiveCfg = Debug|Any CPU
		{75AC13D5-3930-421C-AF98-A6849D96C2C4}.Debug|x86.Build.0 = Debug|Any CPU
		{75AC13D5-3930-421C-AF98-A6849D96C2C4}.Release|Any CPU.ActiveCfg = Release|Any CPU
		{75AC13D5-3930-421C-AF98-A6849D96C2C4}.Release|Any CPU.Build.0 = Release|Any CPU
		{75AC13D5-3930-421C-AF98-A6849D96C2C4}.Release|x64.ActiveCfg = Release|Any CPU
		{75AC13D5-3930-421C-AF98-A6849D96C2C4}.Release|x64.Build.0 = Release|Any CPU
		{75AC13D5-3930-421C-AF98-A6849D96C2C4}.Release|x86.ActiveCfg = Release|Any CPU
		{75AC13D5-3930-421C-AF98-A6849D96C2C4}.Release|x86.Build.0 = Release|Any CPU
		{1F3CDCF9-D6EA-42D7-A0B3-C4AD2885BDB2}.Debug|Any CPU.ActiveCfg = Debug|Any CPU
		{1F3CDCF9-D6EA-42D7-A0B3-C4AD2885BDB2}.Debug|Any CPU.Build.0 = Debug|Any CPU
		{1F3CDCF9-D6EA-42D7-A0B3-C4AD2885BDB2}.Debug|x64.ActiveCfg = Debug|Any CPU
		{1F3CDCF9-D6EA-42D7-A0B3-C4AD2885BDB2}.Debug|x64.Build.0 = Debug|Any CPU
		{1F3CDCF9-D6EA-42D7-A0B3-C4AD2885BDB2}.Debug|x86.ActiveCfg = Debug|Any CPU
		{1F3CDCF9-D6EA-42D7-A0B3-C4AD2885BDB2}.Debug|x86.Build.0 = Debug|Any CPU
		{1F3CDCF9-D6EA-42D7-A0B3-C4AD2885BDB2}.Release|Any CPU.ActiveCfg = Release|Any CPU
		{1F3CDCF9-D6EA-42D7-A0B3-C4AD2885BDB2}.Release|Any CPU.Build.0 = Release|Any CPU
		{1F3CDCF9-D6EA-42D7-A0B3-C4AD2885BDB2}.Release|x64.ActiveCfg = Release|Any CPU
		{1F3CDCF9-D6EA-42D7-A0B3-C4AD2885BDB2}.Release|x64.Build.0 = Release|Any CPU
		{1F3CDCF9-D6EA-42D7-A0B3-C4AD2885BDB2}.Release|x86.ActiveCfg = Release|Any CPU
		{1F3CDCF9-D6EA-42D7-A0B3-C4AD2885BDB2}.Release|x86.Build.0 = Release|Any CPU
	EndGlobalSection
EndGlobal
